// !$*UTF8*$!
{
	archiveVersion = 1;
	classes = {
	};
	objectVersion = 110;
	objects = {

/* Begin PBXBuildFile section */
		3C4A733F3057C2D9007FB13E /* Amplify in Frameworks */ = {isa = PBXBuildFile; productRef = 3C4A733E3057C2D9007FB13E /* Amplify */; };
		3C4A73413057C2E0007FB13E /* AWSCognitoAuthPlugin in Frameworks */ = {isa = PBXBuildFile; productRef = 3C4A73403057C2E0007FB13E /* AWSCognitoAuthPlugin */; };
		3C4A73433057C2FA007FB13E /* AWSAPIPlugin in Frameworks */ = {isa = PBXBuildFile; productRef = 3C4A73423057C2FA007FB13E /* AWSAPIPlugin */; };
/* End PBXBuildFile section */

/* Begin PBXContainerItemProxy section */
		3C7CE0B030524E2600765206 /* PBXContainerItemProxy */ = {
			isa = PBXContainerItemProxy;
			containerPortal = 3C7CE09A30524E2300765206 /* Project object */;
			proxyType = 1;
			remoteGlobalIDString = 3C7CE0A130524E2300765206;
			remoteInfo = "My Lifestyle";
		};
		3C7CE0BA30524E2600765206 /* PBXContainerItemProxy */ = {
			isa = PBXContainerItemProxy;
			containerPortal = 3C7CE09A30524E2300765206 /* Project object */;
			proxyType = 1;
			remoteGlobalIDString = 3C7CE0A130524E2300765206;
			remoteInfo = "My Lifestyle";
		};
/* End PBXContainerItemProxy section */

/* Begin PBXFileReference section */
		3C7CE0A230524E2300765206 /* My Lifestyle.app */ = {isa = PBXFileReference; explicitFileType = wrapper.application; includeInIndex = 0; path = "My Lifestyle.app"; sourceTree = BUILT_PRODUCTS_DIR; };
		3C7CE0AF30524E2600765206 /* My LifestyleTests.xctest */ = {isa = PBXFileReference; explicitFileType = wrapper.cfbundle; includeInIndex = 0; path = "My LifestyleTests.xctest"; sourceTree = BUILT_PRODUCTS_DIR; };
		3C7CE0B930524E2600765206 /* My LifestyleUITests.xctest */ = {isa = PBXFileReference; explicitFileType = wrapper.cfbundle; includeInIndex = 0; path = "My LifestyleUITests.xctest"; sourceTree = BUILT_PRODUCTS_DIR; };
/* End PBXFileReference section */

/* Begin PBXFileSystemSynchronizedRootGroup section */
		3C7CE0A430524E2300765206 /* My Lifestyle */ = {
			isa = PBXFileSystemSynchronizedRootGroup;
			path = "My Lifestyle";
			sourceTree = "<group>";
		};
/* End PBXFileSystemSynchronizedRootGroup section */

/* Begin PBXFrameworksBuildPhase section */
		3C7CE09F30524E2300765206 /* Frameworks */ = {
			isa = PBXFrameworksBuildPhase;
			files = (
				3C4A73433057C2FA007FB13E /* AWSAPIPlugin in Frameworks */,
				3C4A733F3057C2D9007FB13E /* Amplify in Frameworks */,
				3C4A73413057C2E0007FB13E /* AWSCognitoAuthPlugin in Frameworks */,
			);
		};
		3C7CE0AC30524E2600765206 /* Frameworks */ = {
			isa = PBXFrameworksBuildPhase;
			files = (
			);
		};
		3C7CE0B630524E2600765206 /* Frameworks */ = {
			isa = PBXFrameworksBuildPhase;
			files = (
			);
		};
/* End PBXFrameworksBuildPhase section */

/* Begin PBXGroup section */
		3C4A733D3057C2D9007FB13E /* Frameworks */ = {
			isa = PBXGroup;
			children = (
			);
			name = Frameworks;
			sourceTree = "<group>";
		};
		3C7CE09930524E2300765206 = {
			isa = PBXGroup;
			children = (
				3C7CE0A430524E2300765206 /* My Lifestyle */,
				3C4A733D3057C2D9007FB13E /* Frameworks */,
				3C7CE0A330524E2300765206 /* Products */,
			);
			sourceTree = "<group>";
		};
		3C7CE0A330524E2300765206 /* Products */ = {
			isa = PBXGroup;
			children = (
				3C7CE0A230524E2300765206 /* My Lifestyle.app */,
				3C7CE0AF30524E2600765206 /* My LifestyleTests.xctest */,
				3C7CE0B930524E2600765206 /* My LifestyleUITests.xctest */,
			);
			name = Products;
			sourceTree = "<group>";
		};
/* End PBXGroup section */

/* Begin PBXNativeTarget section */
		3C7CE0A130524E2300765206 /* My Lifestyle */ = {
			isa = PBXNativeTarget;
			buildConfigurationList = 3C7CE0C130524E2600765206 /* Build configuration list for PBXNativeTarget "My Lifestyle" */;
			buildPhases = (
				3C7CE09E30524E2300765206 /* Sources */,
				3C7CE09F30524E2300765206 /* Frameworks */,
				3C7CE0A030524E2300765206 /* Resources */,
			);
			buildRules = (
			);
			fileSystemSynchronizedGroups = (
				3C7CE0A430524E2300765206 /* My Lifestyle */,
			);
			name = "My Lifestyle";
			packageProductDependencies = (
				3C4A733E3057C2D9007FB13E /* Amplify */,
				3C4A73403057C2E0007FB13E /* AWSCognitoAuthPlugin */,
				3C4A73423057C2FA007FB13E /* AWSAPIPlugin */,
			);
			productName = "My Lifestyle";
			productReference = 3C7CE0A230524E2300765206 /* My Lifestyle.app */;
			productType = "com.apple.product-type.application";
		};
		3C7CE0AE30524E2600765206 /* My LifestyleTests */ = {
			isa = PBXNativeTarget;
			buildConfigurationList = 3C7CE0C430524E2600765206 /* Build configuration list for PBXNativeTarget "My LifestyleTests" */;
			buildPhases = (
				3C7CE0AB30524E2600765206 /* Sources */,
				3C7CE0AC30524E2600765206 /* Frameworks */,
				3C7CE0AD30524E2600765206 /* Resources */,
			);
			buildRules = (
			);
			dependencies = (
				3C7CE0B130524E2600765206 /* PBXTargetDependency */,
			);
			name = "My LifestyleTests";
			productName = "My LifestyleTests";
			productReference = 3C7CE0AF30524E2600765206 /* My LifestyleTests.xctest */;
			productType = "com.apple.product-type.bundle.unit-test";
		};
		3C7CE0B830524E2600765206 /* My LifestyleUITests */ = {
			isa = PBXNativeTarget;
			buildConfigurationList = 3C7CE0C730524E2600765206 /* Build configuration list for PBXNativeTarget "My LifestyleUITests" */;
			buildPhases = (
				3C7CE0B530524E2600765206 /* Sources */,
				3C7CE0B630524E2600765206 /* Frameworks */,
				3C7CE0B730524E2600765206 /* Resources */,
			);
			buildRules = (
			);
			dependencies = (
				3C7CE0BB30524E2600765206 /* PBXTargetDependency */,
			);
			name = "My LifestyleUITests";
			productName = "My LifestyleUITests";
			productReference = 3C7CE0B930524E2600765206 /* My LifestyleUITests.xctest */;
			productType = "com.apple.product-type.bundle.ui-testing";
		};
/* End PBXNativeTarget section */

/* Begin PBXProject section */
		3C7CE09A30524E2300765206 /* Project object */ = {
			isa = PBXProject;
			attributes = {
				BuildIndependentTargetsInParallel = 1;
				LastSwiftUpdateCheck = 2700;
				LastUpgradeCheck = 2700;
				TargetAttributes = {
					3C7CE0A130524E2300765206 = {
						CreatedOnToolsVersion = 27.0;
					};
					3C7CE0AE30524E2600765206 = {
						CreatedOnToolsVersion = 27.0;
						TestTargetID = 3C7CE0A130524E2300765206;
					};
					3C7CE0B830524E2600765206 = {
						CreatedOnToolsVersion = 27.0;
						TestTargetID = 3C7CE0A130524E2300765206;
					};
				};
			};
			buildConfigurationList = 3C7CE09D30524E2300765206 /* Build configuration list for PBXProject "My Lifestyle" */;
			developmentRegion = en;
			hasScannedForEncodings = 0;
			knownRegions = (
				en,
				Base,
			);
			mainGroup = 3C7CE09930524E2300765206;
			minimizedProjectReferenceProxies = 1;
			packageReferences = (
				3CEA3263305779C800416EC1 /* XCRemoteSwiftPackageReference "amplify-swift" */,
			);
			preferredProjectObjectVersion = 77;
			productRefGroup = 3C7CE0A330524E2300765206 /* Products */;
			projectDirPath = "";
			projectRoot = "";
			targets = (
				3C7CE0A130524E2300765206 /* My Lifestyle */,
				3C7CE0AE30524E2600765206 /* My LifestyleTests */,
				3C7CE0B830524E2600765206 /* My LifestyleUITests */,
			);
		};
/* End PBXProject section */

/* Begin PBXResourcesBuildPhase section */
		3C7CE0A030524E2300765206 /* Resources */ = {
			isa = PBXResourcesBuildPhase;
			files = (
			);
		};
		3C7CE0AD30524E2600765206 /* Resources */ = {
			isa = PBXResourcesBuildPhase;
			files = (
			);
		};
		3C7CE0B730524E2600765206 /* Resources */ = {
			isa = PBXResourcesBuildPhase;
			files = (
			);
		};
/* End PBXResourcesBuildPhase section */

/* Begin PBXSourcesBuildPhase section */
		3C7CE09E30524E2300765206 /* Sources */ = {
			isa = PBXSourcesBuildPhase;
			files = (
			);
		};
		3C7CE0AB30524E2600765206 /* Sources */ = {
			isa = PBXSourcesBuildPhase;
			files = (
			);
		};
		3C7CE0B530524E2600765206 /* Sources */ = {
			isa = PBXSourcesBuildPhase;
			files = (
			);
		};
/* End PBXSourcesBuildPhase section */

/* Begin PBXTargetDependency section */
		3C7CE0B130524E2600765206 /* PBXTargetDependency */ = {
			isa = PBXTargetDependency;
			target = 3C7CE0A130524E2300765206 /* My Lifestyle */;
			targetProxy = 3C7CE0B030524E2600765206 /* PBXContainerItemProxy */;
		};
		3C7CE0BB30524E2600765206 /* PBXTargetDependency */ = {
			isa = PBXTargetDependency;
			target = 3C7CE0A130524E2300765206 /* My Lifestyle */;
			targetProxy = 3C7CE0BA30524E2600765206 /* PBXContainerItemProxy */;
		};
/* End PBXTargetDependency section */

/* Begin XCBuildConfiguration section */
		3C7CE0BF30524E2600765206 /* Debug configuration for PBXProject "My Lifestyle" */ = {
			isa = XCBuildConfiguration;
			buildSettings = {
				ALWAYS_SEARCH_USER_PATHS = NO;
				ASSETCATALOG_COMPILER_GENERATE_SWIFT_ASSET_SYMBOL_EXTENSIONS = YES;
				CLANG_ANALYZER_NONNULL = YES;
				CLANG_ANALYZER_NUMBER_OBJECT_CONVERSION = YES_AGGRESSIVE;
				CLANG_CXX_LANGUAGE_STANDARD = "gnu++20";
				CLANG_ENABLE_MODULES = YES;
				CLANG_ENABLE_OBJC_ARC = YES;
				CLANG_ENABLE_OBJC_WEAK = YES;
				CLANG_WARN_BLOCK_CAPTURE_AUTORELEASING = YES;
				CLANG_WARN_BOOL_CONVERSION = YES;
				CLANG_WARN_COMMA = YES;
				CLANG_WARN_CONSTANT_CONVERSION = YES;
				CLANG_WARN_DEPRECATED_OBJC_IMPLEMENTATIONS = YES;
				CLANG_WARN_DIRECT_OBJC_ISA_USAGE = YES_ERROR;
				CLANG_WARN_DOCUMENTATION_COMMENTS = YES;
				CLANG_WARN_EMPTY_BODY = YES;
				CLANG_WARN_ENUM_CONVERSION = YES;
				CLANG_WARN_INFINITE_RECURSION = YES;
				CLANG_WARN_INT_CONVERSION = YES;
				CLANG_WARN_NON_LITERAL_NULL_CONVERSION = YES;
				CLANG_WARN_OBJC_IMPLICIT_RETAIN_SELF = YES;
				CLANG_WARN_OBJC_LITERAL_CONVERSION = YES;
				CLANG_WARN_OBJC_ROOT_CLASS = YES_ERROR;
				CLANG_WARN_QUOTED_INCLUDE_IN_FRAMEWORK_HEADER = YES;
				CLANG_WARN_RANGE_LOOP_ANALYSIS = YES;
				CLANG_WARN_STRICT_PROTOTYPES = YES;
				CLANG_WARN_SUSPICIOUS_MOVE = YES;
				CLANG_WARN_UNGUARDED_AVAILABILITY = YES_AGGRESSIVE;
				CLANG_WARN_UNREACHABLE_CODE = YES;
				CLANG_WARN__DUPLICATE_METHOD_MATCH = YES;
				COPY_PHASE_STRIP = NO;
				DEBUG_INFORMATION_FORMAT = dwarf;
				DEVELOPMENT_TEAM = MGG69T24H6;
				ENABLE_STRICT_OBJC_MSGSEND = YES;
				ENABLE_TESTABILITY = YES;
				ENABLE_USER_SCRIPT_SANDBOXING = YES;
				GCC_C_LANGUAGE_STANDARD = gnu17;
				GCC_DYNAMIC_NO_PIC = NO;
				GCC_NO_COMMON_BLOCKS = YES;
				GCC_OPTIMIZATION_LEVEL = 0;
				GCC_PREPROCESSOR_DEFINITIONS = (
					"DEBUG=1",
					"$(inherited)",
				);
				GCC_WARN_64_TO_32_BIT_CONVERSION = YES;
				GCC_WARN_ABOUT_RETURN_TYPE = YES_ERROR;
				GCC_WARN_UNDECLARED_SELECTOR = YES;
				GCC_WARN_UNINITIALIZED_AUTOS = YES_AGGRESSIVE;
				GCC_WARN_UNUSED_FUNCTION = YES;
				GCC_WARN_UNUSED_VARIABLE = YES;
				IPHONEOS_DEPLOYMENT_TARGET = 27.0;
				LOCALIZATION_PREFERS_STRING_CATALOGS = YES;
				MTL_ENABLE_DEBUG_INFO = INCLUDE_SOURCE;
				MTL_FAST_MATH = YES;
				ONLY_ACTIVE_ARCH = YES;
				SDKROOT = iphoneos;
				SWIFT_ACTIVE_COMPILATION_CONDITIONS = "DEBUG $(inherited)";
				SWIFT_OPTIMIZATION_LEVEL = "-Onone";
			};
			name = Debug;
		};
		3C7CE0C030524E2600765206 /* Release configuration for PBXProject "My Lifestyle" */ = {
			isa = XCBuildConfiguration;
			buildSettings = {
				ALWAYS_SEARCH_USER_PATHS = NO;
				ASSETCATALOG_COMPILER_GENERATE_SWIFT_ASSET_SYMBOL_EXTENSIONS = YES;
				CLANG_ANALYZER_NONNULL = YES;
				CLANG_ANALYZER_NUMBER_OBJECT_CONVERSION = YES_AGGRESSIVE;
				CLANG_CXX_LANGUAGE_STANDARD = "gnu++20";
				CLANG_ENABLE_MODULES = YES;
				CLANG_ENABLE_OBJC_ARC = YES;
				CLANG_ENABLE_OBJC_WEAK = YES;
				CLANG_WARN_BLOCK_CAPTURE_AUTORELEASING = YES;
				CLANG_WARN_BOOL_CONVERSION = YES;
				CLANG_WARN_COMMA = YES;
				CLANG_WARN_CONSTANT_CONVERSION = YES;
				CLANG_WARN_DEPRECATED_OBJC_IMPLEMENTATIONS = YES;
				CLANG_WARN_DIRECT_OBJC_ISA_USAGE = YES_ERROR;
				CLANG_WARN_DOCUMENTATION_COMMENTS = YES;
				CLANG_WARN_EMPTY_BODY = YES;
				CLANG_WARN_ENUM_CONVERSION = YES;
				CLANG_WARN_INFINITE_RECURSION = YES;
				CLANG_WARN_INT_CONVERSION = YES;
				CLANG_WARN_NON_LITERAL_NULL_CONVERSION = YES;
				CLANG_WARN_OBJC_IMPLICIT_RETAIN_SELF = YES;
				CLANG_WARN_OBJC_LITERAL_CONVERSION = YES;
				CLANG_WARN_OBJC_ROOT_CLASS = YES_ERROR;
				CLANG_WARN_QUOTED_INCLUDE_IN_FRAMEWORK_HEADER = YES;
				CLANG_WARN_RANGE_LOOP_ANALYSIS = YES;
				CLANG_WARN_STRICT_PROTOTYPES = YES;
				CLANG_WARN_SUSPICIOUS_MOVE = YES;
				CLANG_WARN_UNGUARDED_AVAILABILITY = YES_AGGRESSIVE;
				CLANG_WARN_UNREACHABLE_CODE = YES;
				CLANG_WARN__DUPLICATE_METHOD_MATCH = YES;
				COPY_PHASE_STRIP = NO;
				DEBUG_INFORMATION_FORMAT = "dwarf-with-dsym";
				DEVELOPMENT_TEAM = MGG69T24H6;
				ENABLE_NS_ASSERTIONS = NO;
				ENABLE_STRICT_OBJC_MSGSEND = YES;
				ENABLE_USER_SCRIPT_SANDBOXING = YES;
				GCC_C_LANGUAGE_STANDARD = gnu17;
				GCC_NO_COMMON_BLOCKS = YES;
				GCC_WARN_64_TO_32_BIT_CONVERSION = YES;
				GCC_WARN_ABOUT_RETURN_TYPE = YES_ERROR;
				GCC_WARN_UNDECLARED_SELECTOR = YES;
				GCC_WARN_UNINITIALIZED_AUTOS = YES_AGGRESSIVE;
				GCC_WARN_UNUSED_FUNCTION = YES;
				GCC_WARN_UNUSED_VARIABLE = YES;
				IPHONEOS_DEPLOYMENT_TARGET = 27.0;
				LOCALIZATION_PREFERS_STRING_CATALOGS = YES;
				MTL_ENABLE_DEBUG_INFO = NO;
				MTL_FAST_MATH = YES;
				SDKROOT = iphoneos;
				SWIFT_COMPILATION_MODE = wholemodule;
				VALIDATE_PRODUCT = YES;
			};
			name = Release;
		};
		3C7CE0C230524E2600765206 /* Debug configuration for PBXNativeTarget "My Lifestyle" */ = {
			isa = XCBuildConfiguration;
			buildSettings = {
				ASSETCATALOG_COMPILER_APPICON_NAME = AppIcon;
				ASSETCATALOG_COMPILER_GLOBAL_ACCENT_COLOR_NAME = AccentColor;
				CODE_SIGN_ENTITLEMENTS = "My Lifestyle/My Lifestyle.entitlements";
				CODE_SIGN_STYLE = Automatic;
				CURRENT_PROJECT_VERSION = 1;
				DEVELOPMENT_TEAM = MGG69T24H6;
				ENABLE_PREVIEWS = YES;
				GENERATE_INFOPLIST_FILE = YES;
				INFOPLIST_KEY_UIApplicationSceneManifest_Generation = YES;
				INFOPLIST_KEY_UIApplicationSupportsIndirectInputEvents = YES;
				INFOPLIST_KEY_UILaunchScreen_Generation = YES;
				INFOPLIST_KEY_UISupportedInterfaceOrientations_iPad = "UIInterfaceOrientationPortrait UIInterfaceOrientationPortraitUpsideDown UIInterfaceOrientationLandscapeLeft UIInterfaceOrientationLandscapeRight";
				INFOPLIST_KEY_UISupportedInterfaceOrientations_iPhone = "UIInterfaceOrientationPortrait UIInterfaceOrientationLandscapeLeft UIInterfaceOrientationLandscapeRight";
				IPHONEOS_DEPLOYMENT_TARGET = 26.6;
				LD_RUNPATH_SEARCH_PATHS = (
					"$(inherited)",
					"@executable_path/Frameworks",
				);
				MARKETING_VERSION = 1.0;
				PRODUCT_BUNDLE_IDENTIFIER = "com.richardhuynh.My-Lifestyle";
				PRODUCT_NAME = "$(TARGET_NAME)";
				STRING_CATALOG_GENERATE_SYMBOLS = YES;
				SWIFT_APPROACHABLE_CONCURRENCY = YES;
				SWIFT_DEFAULT_ACTOR_ISOLATION = MainActor;
				SWIFT_EMIT_LOC_STRINGS = YES;
				SWIFT_UPCOMING_FEATURE_MEMBER_IMPORT_VISIBILITY = YES;
				SWIFT_VERSION = 5.0;
				TARGETED_DEVICE_FAMILY = "1,2";
			};
			name = Debug;
		};
		3C7CE0C330524E2600765206 /* Release configuration for PBXNativeTarget "My Lifestyle" */ = {
			isa = XCBuildConfiguration;
			buildSettings = {
				ASSETCATALOG_COMPILER_APPICON_NAME = AppIcon;
				ASSETCATALOG_COMPILER_GLOBAL_ACCENT_COLOR_NAME = AccentColor;
				CODE_SIGN_ENTITLEMENTS = "My Lifestyle/My Lifestyle.entitlements";
				CODE_SIGN_STYLE = Automatic;
				CURRENT_PROJECT_VERSION = 1;
				DEVELOPMENT_TEAM = MGG69T24H6;
				ENABLE_PREVIEWS = YES;
				GENERATE_INFOPLIST_FILE = YES;
				INFOPLIST_KEY_UIApplicationSceneManifest_Generation = YES;
				INFOPLIST_KEY_UIApplicationSupportsIndirectInputEvents = YES;
				INFOPLIST_KEY_UILaunchScreen_Generation = YES;
				INFOPLIST_KEY_UISupportedInterfaceOrientations_iPad = "UIInterfaceOrientationPortrait UIInterfaceOrientationPortraitUpsideDown UIInterfaceOrientationLandscapeLeft UIInterfaceOrientationLandscapeRight";
				INFOPLIST_KEY_UISupportedInterfaceOrientations_iPhone = "UIInterfaceOrientationPortrait UIInterfaceOrientationLandscapeLeft UIInterfaceOrientationLandscapeRight";
				IPHONEOS_DEPLOYMENT_TARGET = 26.6;
				LD_RUNPATH_SEARCH_PATHS = (
					"$(inherited)",
					"@executable_path/Frameworks",
				);
				MARKETING_VERSION = 1.0;
				PRODUCT_BUNDLE_IDENTIFIER = "com.richardhuynh.My-Lifestyle";
				PRODUCT_NAME = "$(TARGET_NAME)";
				STRING_CATALOG_GENERATE_SYMBOLS = YES;
				SWIFT_APPROACHABLE_CONCURRENCY = YES;
				SWIFT_DEFAULT_ACTOR_ISOLATION = MainActor;
				SWIFT_EMIT_LOC_STRINGS = YES;
				SWIFT_UPCOMING_FEATURE_MEMBER_IMPORT_VISIBILITY = YES;
				SWIFT_VERSION = 5.0;
				TARGETED_DEVICE_FAMILY = "1,2";
			};
			name = Release;
		};
		3C7CE0C530524E2600765206 /* Debug configuration for PBXNativeTarget "My LifestyleTests" */ = {
			isa = XCBuildConfiguration;
			buildSettings = {
				BUNDLE_LOADER = "$(TEST_HOST)";
				CODE_SIGN_STYLE = Automatic;
				CURRENT_PROJECT_VERSION = 1;
				DEVELOPMENT_TEAM = MGG69T24H6;
				GENERATE_INFOPLIST_FILE = YES;
				IPHONEOS_DEPLOYMENT_TARGET = 27.0;
				MARKETING_VERSION = 1.0;
				PRODUCT_BUNDLE_IDENTIFIER = "com.richardhuynh.My-LifestyleTests";
				PRODUCT_NAME = "$(TARGET_NAME)";
				STRING_CATALOG_GENERATE_SYMBOLS = NO;
				SWIFT_APPROACHABLE_CONCURRENCY = YES;
				SWIFT_EMIT_LOC_STRINGS = NO;
				SWIFT_UPCOMING_FEATURE_MEMBER_IMPORT_VISIBILITY = YES;
				SWIFT_VERSION = 5.0;
				TARGETED_DEVICE_FAMILY = "1,2";
				TEST_HOST = "$(BUILT_PRODUCTS_DIR)/My Lifestyle.app/$(BUNDLE_EXECUTABLE_FOLDER_PATH)/My Lifestyle";
			};
			name = Debug;
		};
		3C7CE0C630524E2600765206 /* Release configuration for PBXNativeTarget "My LifestyleTests" */ = {
			isa = XCBuildConfiguration;
			buildSettings = {
				BUNDLE_LOADER = "$(TEST_HOST)";
				CODE_SIGN_STYLE = Automatic;
				CURRENT_PROJECT_VERSION = 1;
				DEVELOPMENT_TEAM = MGG69T24H6;
				GENERATE_INFOPLIST_FILE = YES;
				IPHONEOS_DEPLOYMENT_TARGET = 27.0;
				MARKETING_VERSION = 1.0;
				PRODUCT_BUNDLE_IDENTIFIER = "com.richardhuynh.My-LifestyleTests";
				PRODUCT_NAME = "$(TARGET_NAME)";
				STRING_CATALOG_GENERATE_SYMBOLS = NO;
				SWIFT_APPROACHABLE_CONCURRENCY = YES;
				SWIFT_EMIT_LOC_STRINGS = NO;
				SWIFT_UPCOMING_FEATURE_MEMBER_IMPORT_VISIBILITY = YES;
				SWIFT_VERSION = 5.0;
				TARGETED_DEVICE_FAMILY = "1,2";
				TEST_HOST = "$(BUILT_PRODUCTS_DIR)/My Lifestyle.app/$(BUNDLE_EXECUTABLE_FOLDER_PATH)/My Lifestyle";
			};
			name = Release;
		};
		3C7CE0C830524E2600765206 /* Debug configuration for PBXNativeTarget "My LifestyleUITests" */ = {
			isa = XCBuildConfiguration;
			buildSettings = {
				CODE_SIGN_STYLE = Automatic;
				CURRENT_PROJECT_VERSION = 1;
				DEVELOPMENT_TEAM = MGG69T24H6;
				GENERATE_INFOPLIST_FILE = YES;
				MARKETING_VERSION = 1.0;
				PRODUCT_BUNDLE_IDENTIFIER = "com.richardhuynh.My-LifestyleUITests";
				PRODUCT_NAME = "$(TARGET_NAME)";
				STRING_CATALOG_GENERATE_SYMBOLS = NO;
				SWIFT_APPROACHABLE_CONCURRENCY = YES;
				SWIFT_EMIT_LOC_STRINGS = NO;
				SWIFT_UPCOMING_FEATURE_MEMBER_IMPORT_VISIBILITY = YES;
				SWIFT_VERSION = 5.0;
				TARGETED_DEVICE_FAMILY = "1,2";
				TEST_TARGET_NAME = "My Lifestyle";
			};
			name = Debug;
		};
		3C7CE0C930524E2600765206 /* Release configuration for PBXNativeTarget "My LifestyleUITests" */ = {
			isa = XCBuildConfiguration;
			buildSettings = {
				CODE_SIGN_STYLE = Automatic;
				CURRENT_PROJECT_VERSION = 1;
				DEVELOPMENT_TEAM = MGG69T24H6;
				GENERATE_INFOPLIST_FILE = YES;
				MARKETING_VERSION = 1.0;
				PRODUCT_BUNDLE_IDENTIFIER = "com.richardhuynh.My-LifestyleUITests";
				PRODUCT_NAME = "$(TARGET_NAME)";
				STRING_CATALOG_GENERATE_SYMBOLS = NO;
				SWIFT_APPROACHABLE_CONCURRENCY = YES;
				SWIFT_EMIT_LOC_STRINGS = NO;
				SWIFT_UPCOMING_FEATURE_MEMBER_IMPORT_VISIBILITY = YES;
				SWIFT_VERSION = 5.0;
				TARGETED_DEVICE_FAMILY = "1,2";
				TEST_TARGET_NAME = "My Lifestyle";
			};
			name = Release;
		};
/* End XCBuildConfiguration section */

/* Begin XCConfigurationList section */
		3C7CE09D30524E2300765206 /* Build configuration list for PBXProject "My Lifestyle" */ = {
			isa = XCConfigurationList;
			buildConfigurations = (
				3C7CE0BF30524E2600765206 /* Debug configuration for PBXProject "My Lifestyle" */,
				3C7CE0C030524E2600765206 /* Release configuration for PBXProject "My Lifestyle" */,
			);
			defaultConfigurationName = Release;
		};
		3C7CE0C130524E2600765206 /* Build configuration list for PBXNativeTarget "My Lifestyle" */ = {
			isa = XCConfigurationList;
			buildConfigurations = (
				3C7CE0C230524E2600765206 /* Debug configuration for PBXNativeTarget "My Lifestyle" */,
				3C7CE0C330524E2600765206 /* Release configuration for PBXNativeTarget "My Lifestyle" */,
			);
			defaultConfigurationName = Release;
		};
		3C7CE0C430524E2600765206 /* Build configuration list for PBXNativeTarget "My LifestyleTests" */ = {
			isa = XCConfigurationList;
			buildConfigurations = (
				3C7CE0C530524E2600765206 /* Debug configuration for PBXNativeTarget "My LifestyleTests" */,
				3C7CE0C630524E2600765206 /* Release configuration for PBXNativeTarget "My LifestyleTests" */,
			);
			defaultConfigurationName = Release;
		};
		3C7CE0C730524E2600765206 /* Build configuration list for PBXNativeTarget "My LifestyleUITests" */ = {
			isa = XCConfigurationList;
			buildConfigurations = (
				3C7CE0C830524E2600765206 /* Debug configuration for PBXNativeTarget "My LifestyleUITests" */,
				3C7CE0C930524E2600765206 /* Release configuration for PBXNativeTarget "My LifestyleUITests" */,
			);
			defaultConfigurationName = Release;
		};
/* End XCConfigurationList section */

/* Begin XCRemoteSwiftPackageReference section */
		3CEA3263305779C800416EC1 /* XCRemoteSwiftPackageReference "amplify-swift" */ = {
			isa = XCRemoteSwiftPackageReference;
			repositoryURL = "https://github.com/aws-amplify/amplify-swift";
			requirement = {
				kind = upToNextMajorVersion;
				minimumVersion = 2.60.2;
			};
		};
/* End XCRemoteSwiftPackageReference section */

/* Begin XCSwiftPackageProductDependency section */
		3C4A733E3057C2D9007FB13E /* Amplify */ = {
			isa = XCSwiftPackageProductDependency;
			package = 3CEA3263305779C800416EC1 /* XCRemoteSwiftPackageReference "amplify-swift" */;
			productName = Amplify;
		};
		3C4A73403057C2E0007FB13E /* AWSCognitoAuthPlugin */ = {
			isa = XCSwiftPackageProductDependency;
			package = 3CEA3263305779C800416EC1 /* XCRemoteSwiftPackageReference "amplify-swift" */;
			productName = AWSCognitoAuthPlugin;
		};
		3C4A73423057C2FA007FB13E /* AWSAPIPlugin */ = {
			isa = XCSwiftPackageProductDependency;
			package = 3CEA3263305779C800416EC1 /* XCRemoteSwiftPackageReference "amplify-swift" */;
			productName = AWSAPIPlugin;
		};
/* End XCSwiftPackageProductDependency section */
	};
	rootObject = 3C7CE09A30524E2300765206 /* Project object */;
	validationLevel = 1;
}
